
Microsoft Visual Studio Solution File, Format Version 12.00
# Visual Studio Version 16
VisualStudioVersion = 16.0.29911.84
MinimumVisualStudioVersion = 10.0.40219.1
Project("{888888A0-9F3D-457C-B088-3A5042F75D52}") = "RoomEscape", "RoomEscape\RoomEscape.pyproj", "{0D0093C6-7DDB-4B24-A7EE-78E7D073AB35}"
EndProject
Global
	GlobalSection(SolutionConfigurationPlatforms) = preSolution
		Debug|Any CPU = Debug|Any CPU
		Release|Any CPU = Release|Any CPU
	EndGlobalSection
	GlobalSection(ProjectConfigurationPlatforms) = postSolution
		{0D0093C6-7DDB-4B24-A7EE-78E7D073AB35}.Debug|Any CPU.ActiveCfg = Debug|Any CPU
		{0D0093C6-7DDB-4B24-A7EE-78E7D073AB35}.Release|Any CPU.ActiveCfg = Release|Any CPU
	EndGlobalSection
	GlobalSection(SolutionProperties) = preSolution
		HideSolutionNode = FALSE
	EndGlobalSection
	GlobalSection(ExtensibilityGlobals) = postSolution
		SolutionGuid = {AD66DF10-9283-484F-87DD-035F954DB0A7}
	EndGlobalSection
EndGlobal
